
Microsoft Visual Studio Solution File, Format Version 12.00
# Visual Studio Version 17
VisualStudioVersion = 17.5.33516.290
MinimumVisualStudioVersion = 10.0.40219.1
Project("{FAE04EC0-301F-11D3-BF4B-00C04F79EFBC}") = "AsignacionBienesINEI", "AsignacionBienesINEI.csproj", "{EB487FFA-03DD-4F4D-8E5E-FE66CE5A82BC}"
EndProject
Global
	GlobalSection(SolutionConfigurationPlatforms) = preSolution
		Debug|Any CPU = Debug|Any CPU
		Release|Any CPU = Release|Any CPU
	EndGlobalSection
	GlobalSection(ProjectConfigurationPlatforms) = postSolution
		{EB487FFA-03DD-4F4D-8E5E-FE66CE5A82BC}.Debug|Any CPU.ActiveCfg = Debug|Any CPU
		{EB487FFA-03DD-4F4D-8E5E-FE66CE5A82BC}.Debug|Any CPU.Build.0 = Debug|Any CPU
		{EB487FFA-03DD-4F4D-8E5E-FE66CE5A82BC}.Release|Any CPU.ActiveCfg = Release|Any CPU
		{EB487FFA-03DD-4F4D-8E5E-FE66CE5A82BC}.Release|Any CPU.Build.0 = Release|Any CPU
	EndGlobalSection
	GlobalSection(SolutionProperties) = preSolution
		HideSolutionNode = FALSE
	EndGlobalSection
	GlobalSection(ExtensibilityGlobals) = postSolution
		SolutionGuid = {5A11A2C7-5DFC-43F2-BAC4-D57D1E2892DC}
	EndGlobalSection
EndGlobal
